
Microsoft Visual Studio Solution File, Format Version 12.00
# Visual Studio Version 17
VisualStudioVersion = 17.8.34525.116
MinimumVisualStudioVersion = 10.0.40219.1
Project("{9A19103F-16F7-4668-BE54-9A1E7A4F7556}") = "VoloteaTiendaAPI", "VoloteaTiendaCRUD\VoloteaTiendaAPI.csproj", "{4317D1AD-C729-46D9-AA63-1AE764363755}"
EndProject
Project("{FAE04EC0-301F-11D3-BF4B-00C04F79EFBC}") = "VoloteaTiendaTest", "VoloteaTiendaTest\VoloteaTiendaTest.csproj", "{07E794E9-5E97-454C-96C5-B00E8CEB847D}"
EndProject
Global
	GlobalSection(SolutionConfigurationPlatforms) = preSolution
		Debug|Any CPU = Debug|Any CPU
		Release|Any CPU = Release|Any CPU
	EndGlobalSection
	GlobalSection(ProjectConfigurationPlatforms) = postSolution
		{4317D1AD-C729-46D9-AA63-1AE764363755}.Debug|Any CPU.ActiveCfg = Debug|Any CPU
		{4317D1AD-C729-46D9-AA63-1AE764363755}.Debug|Any CPU.Build.0 = Debug|Any CPU
		{4317D1AD-C729-46D9-AA63-1AE764363755}.Release|Any CPU.ActiveCfg = Release|Any CPU
		{4317D1AD-C729-46D9-AA63-1AE764363755}.Release|Any CPU.Build.0 = Release|Any CPU
		{07E794E9-5E97-454C-96C5-B00E8CEB847D}.Debug|Any CPU.ActiveCfg = Debug|Any CPU
		{07E794E9-5E97-454C-96C5-B00E8CEB847D}.Debug|Any CPU.Build.0 = Debug|Any CPU
		{07E794E9-5E97-454C-96C5-B00E8CEB847D}.Release|Any CPU.ActiveCfg = Release|Any CPU
		{07E794E9-5E97-454C-96C5-B00E8CEB847D}.Release|Any CPU.Build.0 = Release|Any CPU
	EndGlobalSection
	GlobalSection(SolutionProperties) = preSolution
		HideSolutionNode = FALSE
	EndGlobalSection
	GlobalSection(ExtensibilityGlobals) = postSolution
		SolutionGuid = {ED526449-5833-4B41-B9E7-6444905E2BEA}
	EndGlobalSection
EndGlobal
